# This file is automatically @generated by Cargo.
# It is not intended for manual editing.
version = 4

[[package]]
name = "aarch64-cpu"
version = "11.2.0"
source = "registry+https://github.com/rust-lang/crates.io-index"
checksum = "44171e22925ec72b63d86747bc3655c7849a5b8d865c980222128839f45ac034"
dependencies = [
 "tock-registers",
]

[[package]]
name = "arrayvec"
version = "0.7.6"
source = "registry+https://github.com/rust-lang/crates.io-index"
checksum = "7c02d123df017efcdfbd739ef81735b36c5ba83ec3c59c80a9d7ecc718f92e50"

[[package]]
name = "axbacktrace"
version = "0.1.1"
source = "registry+https://github.com/rust-lang/crates.io-index"
checksum = "bf9566516f5d799b2f791a6ec5af57eec87d17624346f7c876fa006b922c99e6"
dependencies = [
 "cfg-if",
 "log",
 "spin 0.10.0",
]

[[package]]
name = "axcpu"
version = "0.3.0-preview.5"
source = "registry+https://github.com/rust-lang/crates.io-index"
checksum = "bf99fd0321a4e2a0eb1fb2a1a53ae47ea10a9c31a969545575ce302291934ea0"
dependencies = [
 "aarch64-cpu",
 "axbacktrace",
 "cfg-if",
 "lazyinit",
 "linkme",
 "log",
 "loongArch64",
 "memory_addr",
 "page_table_entry",
 "page_table_multiarch",
 "percpu",
 "riscv",
 "static_assertions",
 "tock-registers",
 "x86",
 "x86_64",
]

[[package]]
name = "axerrno"
version = "0.2.2"
source = "registry+https://github.com/rust-lang/crates.io-index"
checksum = "f961d2868582a092fb1e71b90c16cc6f2cbbe7bb5fa7e4bd6fe61d882ce6bb34"
dependencies = [
 "log",
 "strum",
]

[[package]]
name = "bit_field"
version = "0.10.3"
source = "registry+https://github.com/rust-lang/crates.io-index"
checksum = "1e4b40c7323adcfc0a41c4b88143ed58346ff65a288fc144329c5c45e05d70c6"

[[package]]
name = "bitflags"
version = "1.3.2"
source = "registry+https://github.com/rust-lang/crates.io-index"
checksum = "bef38d45163c2f1dde094a7dfd33ccf595c92905c8f8f4fdc18d06fb1037718a"

[[package]]
name = "bitflags"
version = "2.10.0"
source = "registry+https://github.com/rust-lang/crates.io-index"
checksum = "812e12b5285cc515a9c72a5c1d3b6d46a19dac5acfef5265968c166106e31dd3"

[[package]]
name = "bytemuck"
version = "1.25.0"
source = "registry+https://github.com/rust-lang/crates.io-index"
checksum = "c8efb64bd706a16a1bdde310ae86b351e4d21550d98d056f22f8a7f7a2183fec"

[[package]]
name = "cfg-if"
version = "1.0.4"
source = "registry+https://github.com/rust-lang/crates.io-index"
checksum = "9330f8b2ff13f34540b44e946ef35111825727b38d33286ef986142615121801"

[[package]]
name = "concurrent-queue"
version = "2.5.0"
source = "registry+https://github.com/rust-lang/crates.io-index"
checksum = "4ca0197aee26d1ae37445ee532fefce43251d24cc7c166799f4d46817f1d3973"
dependencies = [
 "crossbeam-utils",
]

[[package]]
name = "const_fn"
version = "0.4.11"
source = "registry+https://github.com/rust-lang/crates.io-index"
checksum = "2f8a2ca5ac02d09563609681103aada9e1777d54fc57a5acd7a41404f9c93b6e"

[[package]]
name = "convert_case"
version = "0.10.0"
source = "registry+https://github.com/rust-lang/crates.io-index"
checksum = "633458d4ef8c78b72454de2d54fd6ab2e60f9e02be22f3c6104cdc8a4e0fceb9"
dependencies = [
 "unicode-segmentation",
]

[[package]]
name = "crate_interface"
version = "0.1.4"
source = "registry+https://github.com/rust-lang/crates.io-index"
checksum = "70272a03a2cef15589bac05d3d15c023752f5f8f2da8be977d983a9d9e6250fb"
dependencies = [
 "proc-macro2",
 "quote",
 "syn",
]

[[package]]
name = "critical-section"
version = "1.2.0"
source = "registry+https://github.com/rust-lang/crates.io-index"
checksum = "790eea4361631c5e7d22598ecd5723ff611904e3344ce8720784c93e3d83d40b"

[[package]]
name = "crossbeam-utils"
version = "0.8.21"
source = "registry+https://github.com/rust-lang/crates.io-index"
checksum = "d0a5c400df2834b80a4c3327b3aad3a4c4cd4de0629063962b03235697506a28"

[[package]]
name = "derive_more"
version = "2.1.1"
source = "registry+https://github.com/rust-lang/crates.io-index"
checksum = "d751e9e49156b02b44f9c1815bcb94b984cdcc4396ecc32521c739452808b134"
dependencies = [
 "derive_more-impl",
]

[[package]]
name = "derive_more-impl"
version = "2.1.1"
source = "registry+https://github.com/rust-lang/crates.io-index"
checksum = "799a97264921d8623a957f6c3b9011f3b5492f557bbb7a5a19b7fa6d06ba8dcb"
dependencies = [
 "convert_case",
 "proc-macro2",
 "quote",
 "rustc_version",
 "syn",
 "unicode-xid",
]

[[package]]
name = "embedded-hal"
version = "1.0.0"
source = "registry+https://github.com/rust-lang/crates.io-index"
checksum = "361a90feb7004eca4019fb28352a9465666b24f840f5c3cddf0ff13920590b89"

[[package]]
name = "event-listener"
version = "5.4.1"
source = "registry+https://github.com/rust-lang/crates.io-index"
checksum = "e13b66accf52311f30a0db42147dadea9850cb48cd070028831ae5f5d4b856ab"
dependencies = [
 "concurrent-queue",
 "pin-project-lite",
]

[[package]]
name = "extern-trait"
version = "0.4.1"
source = "registry+https://github.com/rust-lang/crates.io-index"
checksum = "cd3bc9641ace0d852a93f2699f342c935b825146acb63049b92d06e57aa9aebd"
dependencies = [
 "extern-trait-impl",
 "typeid",
]

[[package]]
name = "extern-trait-impl"
version = "0.4.1"
source = "registry+https://github.com/rust-lang/crates.io-index"
checksum = "c89ddc8cd109db4196b4751cce7fc34380d55f095fcd5d634c708485fe4c820f"
dependencies = [
 "proc-macro2",
 "quote",
 "syn",
]

[[package]]
name = "heck"
version = "0.5.0"
source = "registry+https://github.com/rust-lang/crates.io-index"
checksum = "2304e00983f87ffb38b55b444b5e3b60a884b5d30c0fca7d82fe33449bbe55ea"

[[package]]
name = "kernel_guard"
version = "0.1.3"
source = "registry+https://github.com/rust-lang/crates.io-index"
checksum = "d10c55bedf6789bc3748e0d8756ee639df1ae25144fd3525ed311044bd9a739f"
dependencies = [
 "cfg-if",
 "crate_interface",
]

[[package]]
name = "kspin"
version = "0.1.1"
source = "registry+https://github.com/rust-lang/crates.io-index"
checksum = "3d841fd3aeaa9a55871068f5c3ce48497a6dbcf14e20ca7784a9f68bfdb4c825"
dependencies = [
 "cfg-if",
 "kernel_guard",
]

[[package]]
name = "lazyinit"
version = "0.2.2"
source = "registry+https://github.com/rust-lang/crates.io-index"
checksum = "17f03abfebdaaf0fad16790237a0348baf84886d3ade460db13bae59e614a180"

[[package]]
name = "linkme"
version = "0.3.35"
source = "registry+https://github.com/rust-lang/crates.io-index"
checksum = "5e3283ed2d0e50c06dd8602e0ab319bb048b6325d0bba739db64ed8205179898"
dependencies = [
 "linkme-impl",
]

[[package]]
name = "linkme-impl"
version = "0.3.35"
source = "registry+https://github.com/rust-lang/crates.io-index"
checksum = "e5cec0ec4228b4853bb129c84dbf093a27e6c7a20526da046defc334a1b017f7"
dependencies = [
 "proc-macro2",
 "quote",
 "syn",
]

[[package]]
name = "linux-raw-sys"
version = "0.12.1"
source = "registry+https://github.com/rust-lang/crates.io-index"
checksum = "32a66949e030da00e8c7d4434b251670a91556f4144941d37452769c25d58a53"

[[package]]
name = "lock_api"
version = "0.4.14"
source = "registry+https://github.com/rust-lang/crates.io-index"
checksum = "224399e74b87b5f3557511d98dff8b14089b3dadafcab6bb93eab67d3aace965"
dependencies = [
 "scopeguard",
]

[[package]]
name = "log"
version = "0.4.29"
source = "registry+https://github.com/rust-lang/crates.io-index"
checksum = "5e5032e24019045c762d3c0f28f5b6b8bbf38563a65908389bf7978758920897"

[[package]]
name = "loongArch64"
version = "0.2.5"
source = "registry+https://github.com/rust-lang/crates.io-index"
checksum = "7c9f0d275c70310e2a9d2fc23250c5ac826a73fa828a5f256401f85c5c554283"
dependencies = [
 "bit_field",
 "bitflags 2.10.0",
]

[[package]]
name = "memory_addr"
version = "0.4.1"
source = "registry+https://github.com/rust-lang/crates.io-index"
checksum = "b1f0625c50adb5f6aaf47f05cae3c4dbc13a74c659241b06c4576f3d7e1da940"

[[package]]
name = "page_table_entry"
version = "0.6.1"
source = "registry+https://github.com/rust-lang/crates.io-index"
checksum = "8e9a63b9b86d32f64c3874a90936939281d045ef1751d0aca3d82d5e4e06b2ef"
dependencies = [
 "aarch64-cpu",
 "bitflags 2.10.0",
 "memory_addr",
 "x86_64",
]

[[package]]
name = "page_table_multiarch"
version = "0.6.1"
source = "registry+https://github.com/rust-lang/crates.io-index"
checksum = "42c5b75d5d9bdbee44c827b0dd2766fa3d478a76b9c6735419228089d1b24536"
dependencies = [
 "arrayvec",
 "log",
 "memory_addr",
 "page_table_entry",
 "riscv",
 "x86",
]

[[package]]
name = "paste"
version = "1.0.15"
source = "registry+https://github.com/rust-lang/crates.io-index"
checksum = "57c0d7b74b563b49d38dae00a0c37d4d6de9b432382b2892f0574ddcae73fd0a"

[[package]]
name = "percpu"
version = "0.2.2"
source = "registry+https://github.com/rust-lang/crates.io-index"
checksum = "54ca06381bdd16a5397e23cf61d347b539c765e2c20b2ecc5cb36df88695c1f7"
dependencies = [
 "cfg-if",
 "percpu_macros",
 "spin 0.9.8",
 "x86",
]

[[package]]
name = "percpu_macros"
version = "0.2.2"
source = "registry+https://github.com/rust-lang/crates.io-index"
checksum = "a933d46113c0171aee86623311a9367f2ec3a86dab0a96aba1d5bc627473617e"
dependencies = [
 "cfg-if",
 "proc-macro2",
 "quote",
 "syn",
]

[[package]]
name = "pin-project-lite"
version = "0.2.16"
source = "registry+https://github.com/rust-lang/crates.io-index"
checksum = "3b3cff922bd51709b605d9ead9aa71031d81447142d828eb4a6eba76fe619f9b"

[[package]]
name = "proc-macro2"
version = "1.0.106"
source = "registry+https://github.com/rust-lang/crates.io-index"
checksum = "8fd00f0bb2e90d81d1044c2b32617f68fcb9fa3bb7640c23e9c748e53fb30934"
dependencies = [
 "unicode-ident",
]

[[package]]
name = "quote"
version = "1.0.44"
source = "registry+https://github.com/rust-lang/crates.io-index"
checksum = "21b2ebcf727b7760c461f091f9f0f539b77b8e87f2fd88131e7f1b433b3cece4"
dependencies = [
 "proc-macro2",
]

[[package]]
name = "raw-cpuid"
version = "10.7.0"
source = "registry+https://github.com/rust-lang/crates.io-index"
checksum = "6c297679cb867470fa8c9f67dbba74a78d78e3e98d7cf2b08d6d71540f797332"
dependencies = [
 "bitflags 1.3.2",
]

[[package]]
name = "riscv"
version = "0.16.0"
source = "registry+https://github.com/rust-lang/crates.io-index"
checksum = "9251433e48c39d2133cbaff3ae7809ce6a1ecbc8225ca7da33d96d10cf360582"
dependencies = [
 "critical-section",
 "embedded-hal",
 "paste",
 "riscv-macros",
 "riscv-types",
]

[[package]]
name = "riscv-macros"
version = "0.4.0"
source = "registry+https://github.com/rust-lang/crates.io-index"
checksum = "d47d1fb716349455b8e5e3ebbf1eff95344dbdf9f782a4e1359d2f16f51e3dce"
dependencies = [
 "proc-macro2",
 "quote",
 "syn",
]

[[package]]
name = "riscv-types"
version = "0.1.0"
source = "registry+https://github.com/rust-lang/crates.io-index"
checksum = "d3f2ad9f15a07f4a0e1677124f9120ce7e83ab7e1ca7186af0ca9da529b62e80"

[[package]]
name = "rustc_version"
version = "0.4.1"
source = "registry+https://github.com/rust-lang/crates.io-index"
checksum = "cfcb3a22ef46e85b45de6ee7e79d063319ebb6594faafcf1c225ea92ab6e9b92"
dependencies = [
 "semver",
]

[[package]]
name = "rustversion"
version = "1.0.22"
source = "registry+https://github.com/rust-lang/crates.io-index"
checksum = "b39cdef0fa800fc44525c84ccb54a029961a8215f9619753635a9c0d2538d46d"

[[package]]
name = "scopeguard"
version = "1.2.0"
source = "registry+https://github.com/rust-lang/crates.io-index"
checksum = "94143f37725109f92c262ed2cf5e59bce7498c01bcc1502d7b9afe439a4e9f49"

[[package]]
name = "semver"
version = "1.0.27"
source = "registry+https://github.com/rust-lang/crates.io-index"
checksum = "d767eb0aabc880b29956c35734170f26ed551a859dbd361d140cdbeca61ab1e2"

[[package]]
name = "spin"
version = "0.9.8"
source = "registry+https://github.com/rust-lang/crates.io-index"
checksum = "6980e8d7511241f8acf4aebddbb1ff938df5eebe98691418c4468d0b72a96a67"
dependencies = [
 "lock_api",
]

[[package]]
name = "spin"
version = "0.10.0"
source = "registry+https://github.com/rust-lang/crates.io-index"
checksum = "d5fe4ccb98d9c292d56fec89a5e07da7fc4cf0dc11e156b41793132775d3e591"

[[package]]
name = "starry-signal"
version = "0.3.0"
dependencies = [
 "axcpu",
 "bitflags 2.10.0",
 "cfg-if",
 "derive_more",
 "event-listener",
 "extern-trait",
 "kspin",
 "linux-raw-sys",
 "log",
 "starry-vm",
 "strum",
]

[[package]]
name = "starry-vm"
version = "0.3.0"
source = "registry+https://github.com/rust-lang/crates.io-index"
checksum = "3596dd192ef0b8c6790c5d3d1c69746c3f94afef46907a5314f1a478917daf53"
dependencies = [
 "axerrno",
 "bytemuck",
 "extern-trait",
]

[[package]]
name = "static_assertions"
version = "1.1.0"
source = "registry+https://github.com/rust-lang/crates.io-index"
checksum = "a2eb9349b6444b326872e140eb1cf5e7c522154d69e7a0ffb0fb81c06b37543f"

[[package]]
name = "strum"
version = "0.27.2"
source = "registry+https://github.com/rust-lang/crates.io-index"
checksum = "af23d6f6c1a224baef9d3f61e287d2761385a5b88fdab4eb4c6f11aeb54c4bcf"
dependencies = [
 "strum_macros",
]

[[package]]
name = "strum_macros"
version = "0.27.2"
source = "registry+https://github.com/rust-lang/crates.io-index"
checksum = "7695ce3845ea4b33927c055a39dc438a45b059f7c1b3d91d38d10355fb8cbca7"
dependencies = [
 "heck",
 "proc-macro2",
 "quote",
 "syn",
]

[[package]]
name = "syn"
version = "2.0.115"
source = "registry+https://github.com/rust-lang/crates.io-index"
checksum = "6e614ed320ac28113fa64972c4262d5dbc89deacdfd00c34a3e4cea073243c12"
dependencies = [
 "proc-macro2",
 "quote",
 "unicode-ident",
]

[[package]]
name = "tock-registers"
version = "0.10.1"
source = "registry+https://github.com/rust-lang/crates.io-index"
checksum = "8d2d250f87fb3fb6f225c907cf54381509f47b40b74b1d1f12d2dccbc915bdfe"

[[package]]
name = "typeid"
version = "1.0.3"
source = "registry+https://github.com/rust-lang/crates.io-index"
checksum = "bc7d623258602320d5c55d1bc22793b57daff0ec7efc270ea7d55ce1d5f5471c"

[[package]]
name = "unicode-ident"
version = "1.0.23"
source = "registry+https://github.com/rust-lang/crates.io-index"
checksum = "537dd038a89878be9b64dd4bd1b260315c1bb94f4d784956b81e27a088d9a09e"

[[package]]
name = "unicode-segmentation"
version = "1.12.0"
source = "registry+https://github.com/rust-lang/crates.io-index"
checksum = "f6ccf251212114b54433ec949fd6a7841275f9ada20dddd2f29e9ceea4501493"

[[package]]
name = "unicode-xid"
version = "0.2.6"
source = "registry+https://github.com/rust-lang/crates.io-index"
checksum = "ebc1c04c71510c7f702b52b7c350734c9ff1295c464a03335b00bb84fc54f853"

[[package]]
name = "volatile"
version = "0.4.6"
source = "registry+https://github.com/rust-lang/crates.io-index"
checksum = "442887c63f2c839b346c192d047a7c87e73d0689c9157b00b53dcc27dd5ea793"

[[package]]
name = "x86"
version = "0.52.0"
source = "registry+https://github.com/rust-lang/crates.io-index"
checksum = "2781db97787217ad2a2845c396a5efe286f87467a5810836db6d74926e94a385"
dependencies = [
 "bit_field",
 "bitflags 1.3.2",
 "raw-cpuid",
]

[[package]]
name = "x86_64"
version = "0.15.4"
source = "registry+https://github.com/rust-lang/crates.io-index"
checksum = "f7841fa0098ceb15c567d93d3fae292c49e10a7662b4936d5f6a9728594555ba"
dependencies = [
 "bit_field",
 "bitflags 2.10.0",
 "const_fn",
 "rustversion",
 "volatile",
]
